
Microsoft Visual Studio Solution File, Format Version 12.00
# Visual Studio 2012
Project("{FAE04EC0-301F-11D3-BF4B-00C04F79EFBC}") = "WhatsMyAlt", "WhatsMyAlt\WhatsMyAlt.csproj", "{EC570816-658A-4518-91B5-0F40A28DAE1D}"
EndProject
Global
	GlobalSection(SolutionConfigurationPlatforms) = preSolution
		Debug|Any CPU = Debug|Any CPU
		Release|Any CPU = Release|Any CPU
	EndGlobalSection
	GlobalSection(ProjectConfigurationPlatforms) = postSolution
		{EC570816-658A-4518-91B5-0F40A28DAE1D}.Debug|Any CPU.ActiveCfg = Debug|Any CPU
		{EC570816-658A-4518-91B5-0F40A28DAE1D}.Debug|Any CPU.Build.0 = Debug|Any CPU
		{EC570816-658A-4518-91B5-0F40A28DAE1D}.Release|Any CPU.ActiveCfg = Release|Any CPU
		{EC570816-658A-4518-91B5-0F40A28DAE1D}.Release|Any CPU.Build.0 = Release|Any CPU
	EndGlobalSection
	GlobalSection(SolutionProperties) = preSolution
		HideSolutionNode = FALSE
	EndGlobalSection
EndGlobal
